
Microsoft Visual Studio Solution File, Format Version 12.00
# Visual Studio Version 17
VisualStudioVersion = 17.1.32328.378
MinimumVisualStudioVersion = 10.0.40219.1
Project("{FAE04EC0-301F-11D3-BF4B-00C04F79EFBC}") = "hangfire_demo", "hangfire_demo\hangfire_demo.csproj", "{06514579-2B3D-4995-8502-699441CB0F7E}"
EndProject
Global
	GlobalSection(SolutionConfigurationPlatforms) = preSolution
		Debug|Any CPU = Debug|Any CPU
		Release|Any CPU = Release|Any CPU
	EndGlobalSection
	GlobalSection(ProjectConfigurationPlatforms) = postSolution
		{06514579-2B3D-4995-8502-699441CB0F7E}.Debug|Any CPU.ActiveCfg = Debug|Any CPU
		{06514579-2B3D-4995-8502-699441CB0F7E}.Debug|Any CPU.Build.0 = Debug|Any CPU
		{06514579-2B3D-4995-8502-699441CB0F7E}.Release|Any CPU.ActiveCfg = Release|Any CPU
		{06514579-2B3D-4995-8502-699441CB0F7E}.Release|Any CPU.Build.0 = Release|Any CPU
	EndGlobalSection
	GlobalSection(SolutionProperties) = preSolution
		HideSolutionNode = FALSE
	EndGlobalSection
	GlobalSection(ExtensibilityGlobals) = postSolution
		SolutionGuid = {B27361FB-8566-4CAD-AEAA-DCB832A062E8}
	EndGlobalSection
EndGlobal
